
Microsoft Visual Studio Solution File, Format Version 12.00
# Visual Studio Version 17
VisualStudioVersion = 17.5.33516.290
MinimumVisualStudioVersion = 10.0.40219.1
Project("{FAE04EC0-301F-11D3-BF4B-00C04F79EFBC}") = "Exercício_1", "Exercício_1\Exercício_1.csproj", "{4299898F-9B3C-4B28-81FB-841B1455D4CF}"
EndProject
Project("{FAE04EC0-301F-11D3-BF4B-00C04F79EFBC}") = "Exercício_3", "Exercício_3\Exercício_3.csproj", "{9AF02981-B7B8-4C41-99DE-E98865ACDE13}"
EndProject
Project("{FAE04EC0-301F-11D3-BF4B-00C04F79EFBC}") = "Exercício_2", "Exercício_2\Exercício_2.csproj", "{27D433E6-DD81-4D7A-8F98-DCDAC9FB76BB}"
EndProject
Global
	GlobalSection(SolutionConfigurationPlatforms) = preSolution
		Debug|Any CPU = Debug|Any CPU
		Release|Any CPU = Release|Any CPU
	EndGlobalSection
	GlobalSection(ProjectConfigurationPlatforms) = postSolution
		{4299898F-9B3C-4B28-81FB-841B1455D4CF}.Debug|Any CPU.ActiveCfg = Debug|Any CPU
		{4299898F-9B3C-4B28-81FB-841B1455D4CF}.Debug|Any CPU.Build.0 = Debug|Any CPU
		{4299898F-9B3C-4B28-81FB-841B1455D4CF}.Release|Any CPU.ActiveCfg = Release|Any CPU
		{4299898F-9B3C-4B28-81FB-841B1455D4CF}.Release|Any CPU.Build.0 = Release|Any CPU
		{9AF02981-B7B8-4C41-99DE-E98865ACDE13}.Debug|Any CPU.ActiveCfg = Debug|Any CPU
		{9AF02981-B7B8-4C41-99DE-E98865ACDE13}.Debug|Any CPU.Build.0 = Debug|Any CPU
		{9AF02981-B7B8-4C41-99DE-E98865ACDE13}.Release|Any CPU.ActiveCfg = Release|Any CPU
		{9AF02981-B7B8-4C41-99DE-E98865ACDE13}.Release|Any CPU.Build.0 = Release|Any CPU
		{27D433E6-DD81-4D7A-8F98-DCDAC9FB76BB}.Debug|Any CPU.ActiveCfg = Debug|Any CPU
		{27D433E6-DD81-4D7A-8F98-DCDAC9FB76BB}.Debug|Any CPU.Build.0 = Debug|Any CPU
		{27D433E6-DD81-4D7A-8F98-DCDAC9FB76BB}.Release|Any CPU.ActiveCfg = Release|Any CPU
		{27D433E6-DD81-4D7A-8F98-DCDAC9FB76BB}.Release|Any CPU.Build.0 = Release|Any CPU
	EndGlobalSection
	GlobalSection(SolutionProperties) = preSolution
		HideSolutionNode = FALSE
	EndGlobalSection
	GlobalSection(ExtensibilityGlobals) = postSolution
		SolutionGuid = {F7E7E7A9-5E79-4648-8668-FE1E0974606F}
	EndGlobalSection
EndGlobal
